
Microsoft Visual Studio Solution File, Format Version 12.00
# Visual Studio Version 17
VisualStudioVersion = 17.4.33110.190
MinimumVisualStudioVersion = 10.0.40219.1
Project("{FAE04EC0-301F-11D3-BF4B-00C04F79EFBC}") = "final_project", "final_project\final_project.csproj", "{194BBCD9-12B7-474A-93D1-39BC52C7DD76}"
EndProject
Global
	GlobalSection(SolutionConfigurationPlatforms) = preSolution
		Debug|Any CPU = Debug|Any CPU
		Release|Any CPU = Release|Any CPU
	EndGlobalSection
	GlobalSection(ProjectConfigurationPlatforms) = postSolution
		{194BBCD9-12B7-474A-93D1-39BC52C7DD76}.Debug|Any CPU.ActiveCfg = Debug|Any CPU
		{194BBCD9-12B7-474A-93D1-39BC52C7DD76}.Debug|Any CPU.Build.0 = Debug|Any CPU
		{194BBCD9-12B7-474A-93D1-39BC52C7DD76}.Release|Any CPU.ActiveCfg = Release|Any CPU
		{194BBCD9-12B7-474A-93D1-39BC52C7DD76}.Release|Any CPU.Build.0 = Release|Any CPU
	EndGlobalSection
	GlobalSection(SolutionProperties) = preSolution
		HideSolutionNode = FALSE
	EndGlobalSection
	GlobalSection(ExtensibilityGlobals) = postSolution
		SolutionGuid = {45C029D3-CD56-4BC6-8076-E1EDD31D3E4B}
	EndGlobalSection
EndGlobal
